// !$*UTF8*$!
{
	archiveVersion = 1;
	classes = {
	};
	objectVersion = 46;
	objects = {

/* Begin PBXBuildFile section */
		F232F8F3156E3A650045C499 /* rps_rules.png in Resources */ = {isa = PBXBuildFile; fileRef = F232F8F2156E3A650045C499 /* rps_rules.png */; };
		F232F8F7156E3B3A0045C499 /* RulesViewController.m in Sources */ = {isa = PBXBuildFile; fileRef = F232F8F6156E3B3A0045C499 /* RulesViewController.m */; };
		F244A045156BA8A00046F08A /* Player.m in Sources */ = {isa = PBXBuildFile; fileRef = F244A044156BA8A00046F08A /* Player.m */; };
		F244A051156BB0D00046F08A /* GameViewController.m in Sources */ = {isa = PBXBuildFile; fileRef = F244A050156BB0D00046F08A /* GameViewController.m */; };
		F244A054156BB5EF0046F08A /* ComputerPlayer.m in Sources */ = {isa = PBXBuildFile; fileRef = F244A053156BB5EF0046F08A /* ComputerPlayer.m */; };
		F257428A156E4871003CCAF3 /* Default.png in Resources */ = {isa = PBXBuildFile; fileRef = F2574289156E4871003CCAF3 /* Default.png */; };
		F257428C156E4878003CCAF3 /* spock_small.png in Resources */ = {isa = PBXBuildFile; fileRef = F257428B156E4878003CCAF3 /* spock_small.png */; };
		F266A705156B70DC00727DD1 /* UIKit.framework in Frameworks */ = {isa = PBXBuildFile; fileRef = F266A704156B70DC00727DD1 /* UIKit.framework */; };
		F266A707156B70DC00727DD1 /* Foundation.framework in Frameworks */ = {isa = PBXBuildFile; fileRef = F266A706156B70DC00727DD1 /* Foundation.framework */; };
		F266A709156B70DC00727DD1 /* CoreGraphics.framework in Frameworks */ = {isa = PBXBuildFile; fileRef = F266A708156B70DC00727DD1 /* CoreGraphics.framework */; };
		F266A70F156B70DC00727DD1 /* InfoPlist.strings in Resources */ = {isa = PBXBuildFile; fileRef = F266A70D156B70DC00727DD1 /* InfoPlist.strings */; };
		F266A711156B70DC00727DD1 /* main.m in Sources */ = {isa = PBXBuildFile; fileRef = F266A710156B70DC00727DD1 /* main.m */; };
		F266A715156B70DC00727DD1 /* AppDelegate.m in Sources */ = {isa = PBXBuildFile; fileRef = F266A714156B70DC00727DD1 /* AppDelegate.m */; };
		F266A718156B70DC00727DD1 /* MainStoryboard.storyboard in Resources */ = {isa = PBXBuildFile; fileRef = F266A716156B70DC00727DD1 /* MainStoryboard.storyboard */; };
		F266A71B156B70DC00727DD1 /* MenuViewController.m in Sources */ = {isa = PBXBuildFile; fileRef = F266A71A156B70DC00727DD1 /* MenuViewController.m */; };
		F266A723156B70DC00727DD1 /* SenTestingKit.framework in Frameworks */ = {isa = PBXBuildFile; fileRef = F266A722156B70DC00727DD1 /* SenTestingKit.framework */; };
		F266A724156B70DC00727DD1 /* UIKit.framework in Frameworks */ = {isa = PBXBuildFile; fileRef = F266A704156B70DC00727DD1 /* UIKit.framework */; };
		F266A725156B70DC00727DD1 /* Foundation.framework in Frameworks */ = {isa = PBXBuildFile; fileRef = F266A706156B70DC00727DD1 /* Foundation.framework */; };
		F266A72D156B70DC00727DD1 /* InfoPlist.strings in Resources */ = {isa = PBXBuildFile; fileRef = F266A72B156B70DC00727DD1 /* InfoPlist.strings */; };
		F266A730156B70DC00727DD1 /* RockPaperScissorsTests.m in Sources */ = {isa = PBXBuildFile; fileRef = F266A72F156B70DC00727DD1 /* RockPaperScissorsTests.m */; };
		F266A73C156B70FB00727DD1 /* HandSign.m in Sources */ = {isa = PBXBuildFile; fileRef = F266A73B156B70FB00727DD1 /* HandSign.m */; };
		F266A743156B7A3300727DD1 /* SignHelper.m in Sources */ = {isa = PBXBuildFile; fileRef = F266A742156B7A3300727DD1 /* SignHelper.m */; };
		F2A18FA2156E3F5D00B93FFE /* MediaPlayer.framework in Frameworks */ = {isa = PBXBuildFile; fileRef = F2A18FA1156E3F5D00B93FFE /* MediaPlayer.framework */; };
		F2A18FA8156E3FA600B93FFE /* rps_video.mov in Resources */ = {isa = PBXBuildFile; fileRef = F2A18FA7156E3FA600B93FFE /* rps_video.mov */; };
		F2CB3DE9156CDFFE00C5A945 /* HandSignFactory.m in Sources */ = {isa = PBXBuildFile; fileRef = F2CB3DE8156CDFFE00C5A945 /* HandSignFactory.m */; };
		F2CB3DED156CE2E600C5A945 /* GameController.m in Sources */ = {isa = PBXBuildFile; fileRef = F2CB3DEC156CE2E600C5A945 /* GameController.m */; };
		F2CB3DF4156CF1F600C5A945 /* Lizard.png in Resources */ = {isa = PBXBuildFile; fileRef = F2CB3DEF156CF1F600C5A945 /* Lizard.png */; };
		F2CB3DF5156CF1F600C5A945 /* paper.png in Resources */ = {isa = PBXBuildFile; fileRef = F2CB3DF0156CF1F600C5A945 /* paper.png */; };
		F2CB3DF6156CF1F600C5A945 /* rock.png in Resources */ = {isa = PBXBuildFile; fileRef = F2CB3DF1156CF1F600C5A945 /* rock.png */; };
		F2CB3DF7156CF1F600C5A945 /* scissors.png in Resources */ = {isa = PBXBuildFile; fileRef = F2CB3DF2156CF1F600C5A945 /* scissors.png */; };
		F2CB3DF8156CF1F600C5A945 /* spock.png in Resources */ = {isa = PBXBuildFile; fileRef = F2CB3DF3156CF1F600C5A945 /* spock.png */; };
		F2CB3DFA156D0C0300C5A945 /* rps_bg.png in Resources */ = {isa = PBXBuildFile; fileRef = F2CB3DF9156D0C0300C5A945 /* rps_bg.png */; };
/* End PBXBuildFile section */

/* Begin PBXContainerItemProxy section */
		F266A726156B70DC00727DD1 /* PBXContainerItemProxy */ = {
			isa = PBXContainerItemProxy;
			containerPortal = F266A6F7156B70DC00727DD1 /* Project object */;
			proxyType = 1;
			remoteGlobalIDString = F266A6FF156B70DC00727DD1;
			remoteInfo = RockPaperScissors;
		};
/* End PBXContainerItemProxy section */

/* Begin PBXFileReference section */
		F232F8F2156E3A650045C499 /* rps_rules.png */ = {isa = PBXFileReference; lastKnownFileType = image.png; path = rps_rules.png; sourceTree = "<group>"; };
		F232F8F5156E3B3A0045C499 /* RulesViewController.h */ = {isa = PBXFileReference; fileEncoding = 4; lastKnownFileType = sourcecode.c.h; path = RulesViewController.h; sourceTree = "<group>"; };
		F232F8F6156E3B3A0045C499 /* RulesViewController.m */ = {isa = PBXFileReference; fileEncoding = 4; lastKnownFileType = sourcecode.c.objc; path = RulesViewController.m; sourceTree = "<group>"; };
		F244A043156BA8A00046F08A /* Player.h */ = {isa = PBXFileReference; fileEncoding = 4; lastKnownFileType = sourcecode.c.h; path = Player.h; sourceTree = "<group>"; };
		F244A044156BA8A00046F08A /* Player.m */ = {isa = PBXFileReference; fileEncoding = 4; lastKnownFileType = sourcecode.c.objc; path = Player.m; sourceTree = "<group>"; };
		F244A04F156BB0D00046F08A /* GameViewController.h */ = {isa = PBXFileReference; fileEncoding = 4; lastKnownFileType = sourcecode.c.h; path = GameViewController.h; sourceTree = "<group>"; };
		F244A050156BB0D00046F08A /* GameViewController.m */ = {isa = PBXFileReference; fileEncoding = 4; lastKnownFileType = sourcecode.c.objc; path = GameViewController.m; sourceTree = "<group>"; };
		F244A052156BB5EF0046F08A /* ComputerPlayer.h */ = {isa = PBXFileReference; fileEncoding = 4; lastKnownFileType = sourcecode.c.h; path = ComputerPlayer.h; sourceTree = "<group>"; };
		F244A053156BB5EF0046F08A /* ComputerPlayer.m */ = {isa = PBXFileReference; fileEncoding = 4; lastKnownFileType = sourcecode.c.objc; path = ComputerPlayer.m; sourceTree = "<group>"; };
		F2574289156E4871003CCAF3 /* Default.png */ = {isa = PBXFileReference; lastKnownFileType = image.png; path = Default.png; sourceTree = "<group>"; };
		F257428B156E4878003CCAF3 /* spock_small.png */ = {isa = PBXFileReference; lastKnownFileType = image.png; path = spock_small.png; sourceTree = "<group>"; };
		F266A700156B70DC00727DD1 /* RockPaperScissors.app */ = {isa = PBXFileReference; explicitFileType = wrapper.application; includeInIndex = 0; path = RockPaperScissors.app; sourceTree = BUILT_PRODUCTS_DIR; };
		F266A704156B70DC00727DD1 /* UIKit.framework */ = {isa = PBXFileReference; lastKnownFileType = wrapper.framework; name = UIKit.framework; path = System/Library/Frameworks/UIKit.framework; sourceTree = SDKROOT; };
		F266A706156B70DC00727DD1 /* Foundation.framework */ = {isa = PBXFileReference; lastKnownFileType = wrapper.framework; name = Foundation.framework; path = System/Library/Frameworks/Foundation.framework; sourceTree = SDKROOT; };
		F266A708156B70DC00727DD1 /* CoreGraphics.framework */ = {isa = PBXFileReference; lastKnownFileType = wrapper.framework; name = CoreGraphics.framework; path = System/Library/Frameworks/CoreGraphics.framework; sourceTree = SDKROOT; };
		F266A70C156B70DC00727DD1 /* RockPaperScissors-Info.plist */ = {isa = PBXFileReference; lastKnownFileType = text.plist.xml; path = "RockPaperScissors-Info.plist"; sourceTree = "<group>"; };
		F266A70E156B70DC00727DD1 /* en */ = {isa = PBXFileReference; lastKnownFileType = text.plist.strings; name = en; path = en.lproj/InfoPlist.strings; sourceTree = "<group>"; };
		F266A710156B70DC00727DD1 /* main.m */ = {isa = PBXFileReference; lastKnownFileType = sourcecode.c.objc; path = main.m; sourceTree = "<group>"; };
		F266A712156B70DC00727DD1 /* RockPaperScissors-Prefix.pch */ = {isa = PBXFileReference; lastKnownFileType = sourcecode.c.h; path = "RockPaperScissors-Prefix.pch"; sourceTree = "<group>"; };
		F266A713156B70DC00727DD1 /* AppDelegate.h */ = {isa = PBXFileReference; lastKnownFileType = sourcecode.c.h; path = AppDelegate.h; sourceTree = "<group>"; };
		F266A714156B70DC00727DD1 /* AppDelegate.m */ = {isa = PBXFileReference; lastKnownFileType = sourcecode.c.objc; path = AppDelegate.m; sourceTree = "<group>"; };
		F266A717156B70DC00727DD1 /* en */ = {isa = PBXFileReference; lastKnownFileType = file.storyboard; name = en; path = en.lproj/MainStoryboard.storyboard; sourceTree = "<group>"; };
		F266A719156B70DC00727DD1 /* MenuViewController.h */ = {isa = PBXFileReference; lastKnownFileType = sourcecode.c.h; path = MenuViewController.h; sourceTree = "<group>"; };
		F266A71A156B70DC00727DD1 /* MenuViewController.m */ = {isa = PBXFileReference; lastKnownFileType = sourcecode.c.objc; path = MenuViewController.m; sourceTree = "<group>"; };
		F266A721156B70DC00727DD1 /* RockPaperScissorsTests.octest */ = {isa = PBXFileReference; explicitFileType = wrapper.cfbundle; includeInIndex = 0; path = RockPaperScissorsTests.octest; sourceTree = BUILT_PRODUCTS_DIR; };
		F266A722156B70DC00727DD1 /* SenTestingKit.framework */ = {isa = PBXFileReference; lastKnownFileType = wrapper.framework; name = SenTestingKit.framework; path = Library/Frameworks/SenTestingKit.framework; sourceTree = DEVELOPER_DIR; };
		F266A72A156B70DC00727DD1 /* RockPaperScissorsTests-Info.plist */ = {isa = PBXFileReference; lastKnownFileType = text.plist.xml; path = "RockPaperScissorsTests-Info.plist"; sourceTree = "<group>"; };
		F266A72C156B70DC00727DD1 /* en */ = {isa = PBXFileReference; lastKnownFileType = text.plist.strings; name = en; path = en.lproj/InfoPlist.strings; sourceTree = "<group>"; };
		F266A72E156B70DC00727DD1 /* RockPaperScissorsTests.h */ = {isa = PBXFileReference; lastKnownFileType = sourcecode.c.h; path = RockPaperScissorsTests.h; sourceTree = "<group>"; };
		F266A72F156B70DC00727DD1 /* RockPaperScissorsTests.m */ = {isa = PBXFileReference; lastKnownFileType = sourcecode.c.objc; path = RockPaperScissorsTests.m; sourceTree = "<group>"; };
		F266A73A156B70FB00727DD1 /* HandSign.h */ = {isa = PBXFileReference; fileEncoding = 4; lastKnownFileType = sourcecode.c.h; path = HandSign.h; sourceTree = "<group>"; };
		F266A73B156B70FB00727DD1 /* HandSign.m */ = {isa = PBXFileReference; fileEncoding = 4; lastKnownFileType = sourcecode.c.objc; path = HandSign.m; sourceTree = "<group>"; };
		F266A741156B7A3300727DD1 /* SignHelper.h */ = {isa = PBXFileReference; fileEncoding = 4; lastKnownFileType = sourcecode.c.h; path = SignHelper.h; sourceTree = "<group>"; };
		F266A742156B7A3300727DD1 /* SignHelper.m */ = {isa = PBXFileReference; fileEncoding = 4; lastKnownFileType = sourcecode.c.objc; path = SignHelper.m; sourceTree = "<group>"; };
		F2A18FA1156E3F5D00B93FFE /* MediaPlayer.framework */ = {isa = PBXFileReference; lastKnownFileType = wrapper.framework; name = MediaPlayer.framework; path = System/Library/Frameworks/MediaPlayer.framework; sourceTree = SDKROOT; };
		F2A18FA7156E3FA600B93FFE /* rps_video.mov */ = {isa = PBXFileReference; lastKnownFileType = video.quicktime; path = rps_video.mov; sourceTree = "<group>"; };
		F2CB3DE7156CDFFE00C5A945 /* HandSignFactory.h */ = {isa = PBXFileReference; fileEncoding = 4; lastKnownFileType = sourcecode.c.h; path = HandSignFactory.h; sourceTree = "<group>"; };
		F2CB3DE8156CDFFE00C5A945 /* HandSignFactory.m */ = {isa = PBXFileReference; fileEncoding = 4; lastKnownFileType = sourcecode.c.objc; path = HandSignFactory.m; sourceTree = "<group>"; };
		F2CB3DEB156CE2E600C5A945 /* GameController.h */ = {isa = PBXFileReference; fileEncoding = 4; lastKnownFileType = sourcecode.c.h; path = GameController.h; sourceTree = "<group>"; };
		F2CB3DEC156CE2E600C5A945 /* GameController.m */ = {isa = PBXFileReference; fileEncoding = 4; lastKnownFileType = sourcecode.c.objc; path = GameController.m; sourceTree = "<group>"; };
		F2CB3DEF156CF1F600C5A945 /* Lizard.png */ = {isa = PBXFileReference; lastKnownFileType = image.png; path = Lizard.png; sourceTree = "<group>"; };
		F2CB3DF0156CF1F600C5A945 /* paper.png */ = {isa = PBXFileReference; lastKnownFileType = image.png; path = paper.png; sourceTree = "<group>"; };
		F2CB3DF1156CF1F600C5A945 /* rock.png */ = {isa = PBXFileReference; lastKnownFileType = image.png; path = rock.png; sourceTree = "<group>"; };
		F2CB3DF2156CF1F600C5A945 /* scissors.png */ = {isa = PBXFileReference; lastKnownFileType = image.png; path = scissors.png; sourceTree = "<group>"; };
		F2CB3DF3156CF1F600C5A945 /* spock.png */ = {isa = PBXFileReference; lastKnownFileType = image.png; path = spock.png; sourceTree = "<group>"; };
		F2CB3DF9156D0C0300C5A945 /* rps_bg.png */ = {isa = PBXFileReference; lastKnownFileType = image.png; path = rps_bg.png; sourceTree = "<group>"; };
/* End PBXFileReference section */

/* Begin PBXFrameworksBuildPhase section */
		F266A6FD156B70DC00727DD1 /* Frameworks */ = {
			isa = PBXFrameworksBuildPhase;
			buildActionMask = 2147483647;
			files = (
				F2A18FA2156E3F5D00B93FFE /* MediaPlayer.framework in Frameworks */,
				F266A705156B70DC00727DD1 /* UIKit.framework in Frameworks */,
				F266A707156B70DC00727DD1 /* Foundation.framework in Frameworks */,
				F266A709156B70DC00727DD1 /* CoreGraphics.framework in Frameworks */,
			);
			runOnlyForDeploymentPostprocessing = 0;
		};
		F266A71D156B70DC00727DD1 /* Frameworks */ = {
			isa = PBXFrameworksBuildPhase;
			buildActionMask = 2147483647;
			files = (
				F266A723156B70DC00727DD1 /* SenTestingKit.framework in Frameworks */,
				F266A724156B70DC00727DD1 /* UIKit.framework in Frameworks */,
				F266A725156B70DC00727DD1 /* Foundation.framework in Frameworks */,
			);
			runOnlyForDeploymentPostprocessing = 0;
		};
/* End PBXFrameworksBuildPhase section */

/* Begin PBXGroup section */
		F244A04B156BB0590046F08A /* Controllers */ = {
			isa = PBXGroup;
			children = (
				F244A04C156BB0900046F08A /* View controllers */,
				F2CB3DE7156CDFFE00C5A945 /* HandSignFactory.h */,
				F2CB3DE8156CDFFE00C5A945 /* HandSignFactory.m */,
				F2CB3DEB156CE2E600C5A945 /* GameController.h */,
				F2CB3DEC156CE2E600C5A945 /* GameController.m */,
			);
			name = Controllers;
			sourceTree = "<group>";
		};
		F244A04C156BB0900046F08A /* View controllers */ = {
			isa = PBXGroup;
			children = (
				F266A719156B70DC00727DD1 /* MenuViewController.h */,
				F266A71A156B70DC00727DD1 /* MenuViewController.m */,
				F244A04F156BB0D00046F08A /* GameViewController.h */,
				F244A050156BB0D00046F08A /* GameViewController.m */,
				F232F8F5156E3B3A0045C499 /* RulesViewController.h */,
				F232F8F6156E3B3A0045C499 /* RulesViewController.m */,
			);
			name = "View controllers";
			sourceTree = "<group>";
		};
		F244A04D156BB0A20046F08A /* Views */ = {
			isa = PBXGroup;
			children = (
				F266A716156B70DC00727DD1 /* MainStoryboard.storyboard */,
			);
			name = Views;
			sourceTree = "<group>";
		};
		F266A6F5156B70DC00727DD1 = {
			isa = PBXGroup;
			children = (
				F257428B156E4878003CCAF3 /* spock_small.png */,
				F2574289156E4871003CCAF3 /* Default.png */,
				F266A70A156B70DC00727DD1 /* RockPaperScissors */,
				F266A728156B70DC00727DD1 /* RockPaperScissorsTests */,
				F266A703156B70DC00727DD1 /* Frameworks */,
				F266A701156B70DC00727DD1 /* Products */,
			);
			sourceTree = "<group>";
		};
		F266A701156B70DC00727DD1 /* Products */ = {
			isa = PBXGroup;
			children = (
				F266A700156B70DC00727DD1 /* RockPaperScissors.app */,
				F266A721156B70DC00727DD1 /* RockPaperScissorsTests.octest */,
			);
			name = Products;
			sourceTree = "<group>";
		};
		F266A703156B70DC00727DD1 /* Frameworks */ = {
			isa = PBXGroup;
			children = (
				F2A18FA1156E3F5D00B93FFE /* MediaPlayer.framework */,
				F266A704156B70DC00727DD1 /* UIKit.framework */,
				F266A706156B70DC00727DD1 /* Foundation.framework */,
				F266A708156B70DC00727DD1 /* CoreGraphics.framework */,
				F266A722156B70DC00727DD1 /* SenTestingKit.framework */,
			);
			name = Frameworks;
			sourceTree = "<group>";
		};
		F266A70A156B70DC00727DD1 /* RockPaperScissors */ = {
			isa = PBXGroup;
			children = (
				F2A18FA4156E3F8600B93FFE /* video */,
				F2CB3DEE156CF1DF00C5A945 /* Images */,
				F266A744156B7A3A00727DD1 /* Helpers */,
				F266A739156B70E300727DD1 /* Models */,
				F244A04D156BB0A20046F08A /* Views */,
				F244A04B156BB0590046F08A /* Controllers */,
				F266A713156B70DC00727DD1 /* AppDelegate.h */,
				F266A714156B70DC00727DD1 /* AppDelegate.m */,
				F266A70B156B70DC00727DD1 /* Supporting Files */,
			);
			path = RockPaperScissors;
			sourceTree = "<group>";
		};
		F266A70B156B70DC00727DD1 /* Supporting Files */ = {
			isa = PBXGroup;
			children = (
				F266A70C156B70DC00727DD1 /* RockPaperScissors-Info.plist */,
				F266A70D156B70DC00727DD1 /* InfoPlist.strings */,
				F266A710156B70DC00727DD1 /* main.m */,
				F266A712156B70DC00727DD1 /* RockPaperScissors-Prefix.pch */,
			);
			name = "Supporting Files";
			sourceTree = "<group>";
		};
		F266A728156B70DC00727DD1 /* RockPaperScissorsTests */ = {
			isa = PBXGroup;
			children = (
				F266A72E156B70DC00727DD1 /* RockPaperScissorsTests.h */,
				F266A72F156B70DC00727DD1 /* RockPaperScissorsTests.m */,
				F266A729156B70DC00727DD1 /* Supporting Files */,
			);
			path = RockPaperScissorsTests;
			sourceTree = "<group>";
		};
		F266A729156B70DC00727DD1 /* Supporting Files */ = {
			isa = PBXGroup;
			children = (
				F266A72A156B70DC00727DD1 /* RockPaperScissorsTests-Info.plist */,
				F266A72B156B70DC00727DD1 /* InfoPlist.strings */,
			);
			name = "Supporting Files";
			sourceTree = "<group>";
		};
		F266A739156B70E300727DD1 /* Models */ = {
			isa = PBXGroup;
			children = (
				F266A73A156B70FB00727DD1 /* HandSign.h */,
				F266A73B156B70FB00727DD1 /* HandSign.m */,
				F244A043156BA8A00046F08A /* Player.h */,
				F244A044156BA8A00046F08A /* Player.m */,
				F244A052156BB5EF0046F08A /* ComputerPlayer.h */,
				F244A053156BB5EF0046F08A /* ComputerPlayer.m */,
			);
			name = Models;
			sourceTree = "<group>";
		};
		F266A744156B7A3A00727DD1 /* Helpers */ = {
			isa = PBXGroup;
			children = (
				F266A741156B7A3300727DD1 /* SignHelper.h */,
				F266A742156B7A3300727DD1 /* SignHelper.m */,
			);
			name = Helpers;
			sourceTree = "<group>";
		};
		F2A18FA4156E3F8600B93FFE /* video */ = {
			isa = PBXGroup;
			children = (
				F2A18FA7156E3FA600B93FFE /* rps_video.mov */,
			);
			name = video;
			sourceTree = "<group>";
		};
		F2CB3DEE156CF1DF00C5A945 /* Images */ = {
			isa = PBXGroup;
			children = (
				F232F8F2156E3A650045C499 /* rps_rules.png */,
				F2CB3DF9156D0C0300C5A945 /* rps_bg.png */,
				F2CB3DEF156CF1F600C5A945 /* Lizard.png */,
				F2CB3DF0156CF1F600C5A945 /* paper.png */,
				F2CB3DF1156CF1F600C5A945 /* rock.png */,
				F2CB3DF2156CF1F600C5A945 /* scissors.png */,
				F2CB3DF3156CF1F600C5A945 /* spock.png */,
			);
			name = Images;
			sourceTree = "<group>";
		};
/* End PBXGroup section */

/* Begin PBXNativeTarget section */
		F266A6FF156B70DC00727DD1 /* RockPaperScissors */ = {
			isa = PBXNativeTarget;
			buildConfigurationList = F266A733156B70DC00727DD1 /* Build configuration list for PBXNativeTarget "RockPaperScissors" */;
			buildPhases = (
				F266A6FC156B70DC00727DD1 /* Sources */,
				F266A6FD156B70DC00727DD1 /* Frameworks */,
				F266A6FE156B70DC00727DD1 /* Resources */,
			);
			buildRules = (
			);
			dependencies = (
			);
			name = RockPaperScissors;
			productName = RockPaperScissors;
			productReference = F266A700156B70DC00727DD1 /* RockPaperScissors.app */;
			productType = "com.apple.product-type.application";
		};
		F266A720156B70DC00727DD1 /* RockPaperScissorsTests */ = {
			isa = PBXNativeTarget;
			buildConfigurationList = F266A736156B70DC00727DD1 /* Build configuration list for PBXNativeTarget "RockPaperScissorsTests" */;
			buildPhases = (
				F266A71C156B70DC00727DD1 /* Sources */,
				F266A71D156B70DC00727DD1 /* Frameworks */,
				F266A71E156B70DC00727DD1 /* Resources */,
				F266A71F156B70DC00727DD1 /* ShellScript */,
			);
			buildRules = (
			);
			dependencies = (
				F266A727156B70DC00727DD1 /* PBXTargetDependency */,
			);
			name = RockPaperScissorsTests;
			productName = RockPaperScissorsTests;
			productReference = F266A721156B70DC00727DD1 /* RockPaperScissorsTests.octest */;
			productType = "com.apple.product-type.bundle";
		};
/* End PBXNativeTarget section */

/* Begin PBXProject section */
		F266A6F7156B70DC00727DD1 /* Project object */ = {
			isa = PBXProject;
			attributes = {
				LastUpgradeCheck = 0430;
				ORGANIZATIONNAME = Pro4all;
			};
			buildConfigurationList = F266A6FA156B70DC00727DD1 /* Build configuration list for PBXProject "RockPaperScissors" */;
			compatibilityVersion = "Xcode 3.2";
			developmentRegion = English;
			hasScannedForEncodings = 0;
			knownRegions = (
				en,
			);
			mainGroup = F266A6F5156B70DC00727DD1;
			productRefGroup = F266A701156B70DC00727DD1 /* Products */;
			projectDirPath = "";
			projectRoot = "";
			targets = (
				F266A6FF156B70DC00727DD1 /* RockPaperScissors */,
				F266A720156B70DC00727DD1 /* RockPaperScissorsTests */,
			);
		};
/* End PBXProject section */

/* Begin PBXResourcesBuildPhase section */
		F266A6FE156B70DC00727DD1 /* Resources */ = {
			isa = PBXResourcesBuildPhase;
			buildActionMask = 2147483647;
			files = (
				F266A70F156B70DC00727DD1 /* InfoPlist.strings in Resources */,
				F266A718156B70DC00727DD1 /* MainStoryboard.storyboard in Resources */,
				F2CB3DF4156CF1F600C5A945 /* Lizard.png in Resources */,
				F2CB3DF5156CF1F600C5A945 /* paper.png in Resources */,
				F2CB3DF6156CF1F600C5A945 /* rock.png in Resources */,
				F2CB3DF7156CF1F600C5A945 /* scissors.png in Resources */,
				F2CB3DF8156CF1F600C5A945 /* spock.png in Resources */,
				F2CB3DFA156D0C0300C5A945 /* rps_bg.png in Resources */,
				F232F8F3156E3A650045C499 /* rps_rules.png in Resources */,
				F2A18FA8156E3FA600B93FFE /* rps_video.mov in Resources */,
				F257428A156E4871003CCAF3 /* Default.png in Resources */,
				F257428C156E4878003CCAF3 /* spock_small.png in Resources */,
			);
			runOnlyForDeploymentPostprocessing = 0;
		};
		F266A71E156B70DC00727DD1 /* Resources */ = {
			isa = PBXResourcesBuildPhase;
			buildActionMask = 2147483647;
			files = (
				F266A72D156B70DC00727DD1 /* InfoPlist.strings in Resources */,
			);
			runOnlyForDeploymentPostprocessing = 0;
		};
/* End PBXResourcesBuildPhase section */

/* Begin PBXShellScriptBuildPhase section */
		F266A71F156B70DC00727DD1 /* ShellScript */ = {
			isa = PBXShellScriptBuildPhase;
			buildActionMask = 2147483647;
			files = (
			);
			inputPaths = (
			);
			outputPaths = (
			);
			runOnlyForDeploymentPostprocessing = 0;
			shellPath = /bin/sh;
			shellScript = "# Run the unit tests in this test bundle.\n\"${SYSTEM_DEVELOPER_DIR}/Tools/RunUnitTests\"\n";
		};
/* End PBXShellScriptBuildPhase section */

/* Begin PBXSourcesBuildPhase section */
		F266A6FC156B70DC00727DD1 /* Sources */ = {
			isa = PBXSourcesBuildPhase;
			buildActionMask = 2147483647;
			files = (
				F266A711156B70DC00727DD1 /* main.m in Sources */,
				F266A715156B70DC00727DD1 /* AppDelegate.m in Sources */,
				F266A71B156B70DC00727DD1 /* MenuViewController.m in Sources */,
				F266A73C156B70FB00727DD1 /* HandSign.m in Sources */,
				F266A743156B7A3300727DD1 /* SignHelper.m in Sources */,
				F244A045156BA8A00046F08A /* Player.m in Sources */,
				F244A051156BB0D00046F08A /* GameViewController.m in Sources */,
				F244A054156BB5EF0046F08A /* ComputerPlayer.m in Sources */,
				F2CB3DE9156CDFFE00C5A945 /* HandSignFactory.m in Sources */,
				F2CB3DED156CE2E600C5A945 /* GameController.m in Sources */,
				F232F8F7156E3B3A0045C499 /* RulesViewController.m in Sources */,
			);
			runOnlyForDeploymentPostprocessing = 0;
		};
		F266A71C156B70DC00727DD1 /* Sources */ = {
			isa = PBXSourcesBuildPhase;
			buildActionMask = 2147483647;
			files = (
				F266A730156B70DC00727DD1 /* RockPaperScissorsTests.m in Sources */,
			);
			runOnlyForDeploymentPostprocessing = 0;
		};
/* End PBXSourcesBuildPhase section */

/* Begin PBXTargetDependency section */
		F266A727156B70DC00727DD1 /* PBXTargetDependency */ = {
			isa = PBXTargetDependency;
			target = F266A6FF156B70DC00727DD1 /* RockPaperScissors */;
			targetProxy = F266A726156B70DC00727DD1 /* PBXContainerItemProxy */;
		};
/* End PBXTargetDependency section */

/* Begin PBXVariantGroup section */
		F266A70D156B70DC00727DD1 /* InfoPlist.strings */ = {
			isa = PBXVariantGroup;
			children = (
				F266A70E156B70DC00727DD1 /* en */,
			);
			name = InfoPlist.strings;
			sourceTree = "<group>";
		};
		F266A716156B70DC00727DD1 /* MainStoryboard.storyboard */ = {
			isa = PBXVariantGroup;
			children = (
				F266A717156B70DC00727DD1 /* en */,
			);
			name = MainStoryboard.storyboard;
			sourceTree = "<group>";
		};
		F266A72B156B70DC00727DD1 /* InfoPlist.strings */ = {
			isa = PBXVariantGroup;
			children = (
				F266A72C156B70DC00727DD1 /* en */,
			);
			name = InfoPlist.strings;
			sourceTree = "<group>";
		};
/* End PBXVariantGroup section */

/* Begin XCBuildConfiguration section */
		F266A731156B70DC00727DD1 /* Debug */ = {
			isa = XCBuildConfiguration;
			buildSettings = {
				ALWAYS_SEARCH_USER_PATHS = NO;
				ARCHS = "$(ARCHS_STANDARD_32_BIT)";
				CLANG_ENABLE_OBJC_ARC = YES;
				"CODE_SIGN_IDENTITY[sdk=iphoneos*]" = "iPhone Developer";
				COPY_PHASE_STRIP = NO;
				GCC_C_LANGUAGE_STANDARD = gnu99;
				GCC_DYNAMIC_NO_PIC = NO;
				GCC_OPTIMIZATION_LEVEL = 0;
				GCC_PREPROCESSOR_DEFINITIONS = (
					"DEBUG=1",
					"$(inherited)",
				);
				GCC_SYMBOLS_PRIVATE_EXTERN = NO;
				GCC_VERSION = com.apple.compilers.llvm.clang.1_0;
				GCC_WARN_ABOUT_RETURN_TYPE = YES;
				GCC_WARN_UNINITIALIZED_AUTOS = YES;
				GCC_WARN_UNUSED_VARIABLE = YES;
				IPHONEOS_DEPLOYMENT_TARGET = 5.1;
				SDKROOT = iphoneos;
			};
			name = Debug;
		};
		F266A732156B70DC00727DD1 /* Release */ = {
			isa = XCBuildConfiguration;
			buildSettings = {
				ALWAYS_SEARCH_USER_PATHS = NO;
				ARCHS = "$(ARCHS_STANDARD_32_BIT)";
				CLANG_ENABLE_OBJC_ARC = YES;
				"CODE_SIGN_IDENTITY[sdk=iphoneos*]" = "iPhone Developer";
				COPY_PHASE_STRIP = YES;
				GCC_C_LANGUAGE_STANDARD = gnu99;
				GCC_VERSION = com.apple.compilers.llvm.clang.1_0;
				GCC_WARN_ABOUT_RETURN_TYPE = YES;
				GCC_WARN_UNINITIALIZED_AUTOS = YES;
				GCC_WARN_UNUSED_VARIABLE = YES;
				IPHONEOS_DEPLOYMENT_TARGET = 5.1;
				OTHER_CFLAGS = "-DNS_BLOCK_ASSERTIONS=1";
				SDKROOT = iphoneos;
				VALIDATE_PRODUCT = YES;
			};
			name = Release;
		};
		F266A734156B70DC00727DD1 /* Debug */ = {
			isa = XCBuildConfiguration;
			buildSettings = {
				GCC_PRECOMPILE_PREFIX_HEADER = YES;
				GCC_PREFIX_HEADER = "RockPaperScissors/RockPaperScissors-Prefix.pch";
				INFOPLIST_FILE = "RockPaperScissors/RockPaperScissors-Info.plist";
				PRODUCT_NAME = "$(TARGET_NAME)";
				WRAPPER_EXTENSION = app;
			};
			name = Debug;
		};
		F266A735156B70DC00727DD1 /* Release */ = {
			isa = XCBuildConfiguration;
			buildSettings = {
				GCC_PRECOMPILE_PREFIX_HEADER = YES;
				GCC_PREFIX_HEADER = "RockPaperScissors/RockPaperScissors-Prefix.pch";
				INFOPLIST_FILE = "RockPaperScissors/RockPaperScissors-Info.plist";
				PRODUCT_NAME = "$(TARGET_NAME)";
				WRAPPER_EXTENSION = app;
			};
			name = Release;
		};
		F266A737156B70DC00727DD1 /* Debug */ = {
			isa = XCBuildConfiguration;
			buildSettings = {
				BUNDLE_LOADER = "$(BUILT_PRODUCTS_DIR)/RockPaperScissors.app/RockPaperScissors";
				FRAMEWORK_SEARCH_PATHS = (
					"$(SDKROOT)/Developer/Library/Frameworks",
					"$(DEVELOPER_LIBRARY_DIR)/Frameworks",
				);
				GCC_PRECOMPILE_PREFIX_HEADER = YES;
				GCC_PREFIX_HEADER = "RockPaperScissors/RockPaperScissors-Prefix.pch";
				INFOPLIST_FILE = "RockPaperScissorsTests/RockPaperScissorsTests-Info.plist";
				PRODUCT_NAME = "$(TARGET_NAME)";
				TEST_HOST = "$(BUNDLE_LOADER)";
				WRAPPER_EXTENSION = octest;
			};
			name = Debug;
		};
		F266A738156B70DC00727DD1 /* Release */ = {
			isa = XCBuildConfiguration;
			buildSettings = {
				BUNDLE_LOADER = "$(BUILT_PRODUCTS_DIR)/RockPaperScissors.app/RockPaperScissors";
				FRAMEWORK_SEARCH_PATHS = (
					"$(SDKROOT)/Developer/Library/Frameworks",
					"$(DEVELOPER_LIBRARY_DIR)/Frameworks",
				);
				GCC_PRECOMPILE_PREFIX_HEADER = YES;
				GCC_PREFIX_HEADER = "RockPaperScissors/RockPaperScissors-Prefix.pch";
				INFOPLIST_FILE = "RockPaperScissorsTests/RockPaperScissorsTests-Info.plist";
				PRODUCT_NAME = "$(TARGET_NAME)";
				TEST_HOST = "$(BUNDLE_LOADER)";
				WRAPPER_EXTENSION = octest;
			};
			name = Release;
		};
/* End XCBuildConfiguration section */

/* Begin XCConfigurationList section */
		F266A6FA156B70DC00727DD1 /* Build configuration list for PBXProject "RockPaperScissors" */ = {
			isa = XCConfigurationList;
			buildConfigurations = (
				F266A731156B70DC00727DD1 /* Debug */,
				F266A732156B70DC00727DD1 /* Release */,
			);
			defaultConfigurationIsVisible = 0;
			defaultConfigurationName = Release;
		};
		F266A733156B70DC00727DD1 /* Build configuration list for PBXNativeTarget "RockPaperScissors" */ = {
			isa = XCConfigurationList;
			buildConfigurations = (
				F266A734156B70DC00727DD1 /* Debug */,
				F266A735156B70DC00727DD1 /* Release */,
			);
			defaultConfigurationIsVisible = 0;
			defaultConfigurationName = Release;
		};
		F266A736156B70DC00727DD1 /* Build configuration list for PBXNativeTarget "RockPaperScissorsTests" */ = {
			isa = XCConfigurationList;
			buildConfigurations = (
				F266A737156B70DC00727DD1 /* Debug */,
				F266A738156B70DC00727DD1 /* Release */,
			);
			defaultConfigurationIsVisible = 0;
			defaultConfigurationName = Release;
		};
/* End XCConfigurationList section */
	};
	rootObject = F266A6F7156B70DC00727DD1 /* Project object */;
}
